// !$*UTF8*$!
{
	archiveVersion = 1;
	classes = {
	};
	objectVersion = 50;
	objects = {

/* Begin PBXBuildFile section */
		5179B8A521EA4A7B00EE1188 /* AppDelegate.swift in Sources */ = {isa = PBXBuildFile; fileRef = 5179B8A421EA4A7B00EE1188 /* AppDelegate.swift */; };
		5179B8A721EA4A7B00EE1188 /* ViewController.swift in Sources */ = {isa = PBXBuildFile; fileRef = 5179B8A621EA4A7B00EE1188 /* ViewController.swift */; };
		5179B8AA21EA4A7B00EE1188 /* Main.storyboard in Resources */ = {isa = PBXBuildFile; fileRef = 5179B8A821EA4A7B00EE1188 /* Main.storyboard */; };
		5179B8AC21EA4A7B00EE1188 /* Assets.xcassets in Resources */ = {isa = PBXBuildFile; fileRef = 5179B8AB21EA4A7B00EE1188 /* Assets.xcassets */; };
		5179B8AF21EA4A7B00EE1188 /* LaunchScreen.storyboard in Resources */ = {isa = PBXBuildFile; fileRef = 5179B8AD21EA4A7B00EE1188 /* LaunchScreen.storyboard */; };
		5179B8BA21EA4A7C00EE1188 /* MVPTests.swift in Sources */ = {isa = PBXBuildFile; fileRef = 5179B8B921EA4A7C00EE1188 /* MVPTests.swift */; };
/* End PBXBuildFile section */

/* Begin PBXContainerItemProxy section */
		5179B8B621EA4A7C00EE1188 /* PBXContainerItemProxy */ = {
			isa = PBXContainerItemProxy;
			containerPortal = 5179B89921EA4A7B00EE1188 /* Project object */;
			proxyType = 1;
			remoteGlobalIDString = 5179B8A021EA4A7B00EE1188;
			remoteInfo = MVP;
		};
/* End PBXContainerItemProxy section */

/* Begin PBXFileReference section */
		5179B8A121EA4A7B00EE1188 /* MVP.app */ = {isa = PBXFileReference; explicitFileType = wrapper.application; includeInIndex = 0; path = MVP.app; sourceTree = BUILT_PRODUCTS_DIR; };
		5179B8A421EA4A7B00EE1188 /* AppDelegate.swift */ = {isa = PBXFileReference; lastKnownFileType = sourcecode.swift; path = AppDelegate.swift; sourceTree = "<group>"; };
		5179B8A621EA4A7B00EE1188 /* ViewController.swift */ = {isa = PBXFileReference; lastKnownFileType = sourcecode.swift; path = ViewController.swift; sourceTree = "<group>"; };
		5179B8A921EA4A7B00EE1188 /* Base */ = {isa = PBXFileReference; lastKnownFileType = file.storyboard; name = Base; path = Base.lproj/Main.storyboard; sourceTree = "<group>"; };
		5179B8AB21EA4A7B00EE1188 /* Assets.xcassets */ = {isa = PBXFileReference; lastKnownFileType = folder.assetcatalog; path = Assets.xcassets; sourceTree = "<group>"; };
		5179B8AE21EA4A7B00EE1188 /* Base */ = {isa = PBXFileReference; lastKnownFileType = file.storyboard; name = Base; path = Base.lproj/LaunchScreen.storyboard; sourceTree = "<group>"; };
		5179B8B021EA4A7B00EE1188 /* Info.plist */ = {isa = PBXFileReference; lastKnownFileType = text.plist.xml; path = Info.plist; sourceTree = "<group>"; };
		5179B8B521EA4A7C00EE1188 /* MVPTests.xctest */ = {isa = PBXFileReference; explicitFileType = wrapper.cfbundle; includeInIndex = 0; path = MVPTests.xctest; sourceTree = BUILT_PRODUCTS_DIR; };
		5179B8B921EA4A7C00EE1188 /* MVPTests.swift */ = {isa = PBXFileReference; lastKnownFileType = sourcecode.swift; path = MVPTests.swift; sourceTree = "<group>"; };
		5179B8BB21EA4A7C00EE1188 /* Info.plist */ = {isa = PBXFileReference; lastKnownFileType = text.plist.xml; path = Info.plist; sourceTree = "<group>"; };
/* End PBXFileReference section */

/* Begin PBXFrameworksBuildPhase section */
		5179B89E21EA4A7B00EE1188 /* Frameworks */ = {
			isa = PBXFrameworksBuildPhase;
			buildActionMask = 2147483647;
			files = (
			);
			runOnlyForDeploymentPostprocessing = 0;
		};
		5179B8B221EA4A7C00EE1188 /* Frameworks */ = {
			isa = PBXFrameworksBuildPhase;
			buildActionMask = 2147483647;
			files = (
			);
			runOnlyForDeploymentPostprocessing = 0;
		};
/* End PBXFrameworksBuildPhase section */

/* Begin PBXGroup section */
		5179B89821EA4A7B00EE1188 = {
			isa = PBXGroup;
			children = (
				5179B8A321EA4A7B00EE1188 /* MVP */,
				5179B8B821EA4A7C00EE1188 /* MVPTests */,
				5179B8A221EA4A7B00EE1188 /* Products */,
			);
			sourceTree = "<group>";
		};
		5179B8A221EA4A7B00EE1188 /* Products */ = {
			isa = PBXGroup;
			children = (
				5179B8A121EA4A7B00EE1188 /* MVP.app */,
				5179B8B521EA4A7C00EE1188 /* MVPTests.xctest */,
			);
			name = Products;
			sourceTree = "<group>";
		};
		5179B8A321EA4A7B00EE1188 /* MVP */ = {
			isa = PBXGroup;
			children = (
				5179B8A421EA4A7B00EE1188 /* AppDelegate.swift */,
				5179B8A621EA4A7B00EE1188 /* ViewController.swift */,
				5179B8A821EA4A7B00EE1188 /* Main.storyboard */,
				5179B8AB21EA4A7B00EE1188 /* Assets.xcassets */,
				5179B8AD21EA4A7B00EE1188 /* LaunchScreen.storyboard */,
				5179B8B021EA4A7B00EE1188 /* Info.plist */,
			);
			path = MVP;
			sourceTree = "<group>";
		};
		5179B8B821EA4A7C00EE1188 /* MVPTests */ = {
			isa = PBXGroup;
			children = (
				5179B8B921EA4A7C00EE1188 /* MVPTests.swift */,
				5179B8BB21EA4A7C00EE1188 /* Info.plist */,
			);
			path = MVPTests;
			sourceTree = "<group>";
		};
/* End PBXGroup section */

/* Begin PBXNativeTarget section */
		5179B8A021EA4A7B00EE1188 /* MVP */ = {
			isa = PBXNativeTarget;
			buildConfigurationList = 5179B8BE21EA4A7C00EE1188 /* Build configuration list for PBXNativeTarget "MVP" */;
			buildPhases = (
				5179B89D21EA4A7B00EE1188 /* Sources */,
				5179B89E21EA4A7B00EE1188 /* Frameworks */,
				5179B89F21EA4A7B00EE1188 /* Resources */,
			);
			buildRules = (
			);
			dependencies = (
			);
			name = MVP;
			productName = MVP;
			productReference = 5179B8A121EA4A7B00EE1188 /* MVP.app */;
			productType = "com.apple.product-type.application";
		};
		5179B8B421EA4A7C00EE1188 /* MVPTests */ = {
			isa = PBXNativeTarget;
			buildConfigurationList = 5179B8C121EA4A7C00EE1188 /* Build configuration list for PBXNativeTarget "MVPTests" */;
			buildPhases = (
				5179B8B121EA4A7C00EE1188 /* Sources */,
				5179B8B221EA4A7C00EE1188 /* Frameworks */,
				5179B8B321EA4A7C00EE1188 /* Resources */,
			);
			buildRules = (
			);
			dependencies = (
				5179B8B721EA4A7C00EE1188 /* PBXTargetDependency */,
			);
			name = MVPTests;
			productName = MVPTests;
			productReference = 5179B8B521EA4A7C00EE1188 /* MVPTests.xctest */;
			productType = "com.apple.product-type.bundle.unit-test";
		};
/* End PBXNativeTarget section */

/* Begin PBXProject section */
		5179B89921EA4A7B00EE1188 /* Project object */ = {
			isa = PBXProject;
			attributes = {
				LastSwiftUpdateCheck = 1010;
				LastUpgradeCheck = 1010;
				ORGANIZATIONNAME = "Alan Casas";
				TargetAttributes = {
					5179B8A021EA4A7B00EE1188 = {
						CreatedOnToolsVersion = 10.1;
					};
					5179B8B421EA4A7C00EE1188 = {
						CreatedOnToolsVersion = 10.1;
						TestTargetID = 5179B8A021EA4A7B00EE1188;
					};
				};
			};
			buildConfigurationList = 5179B89C21EA4A7B00EE1188 /* Build configuration list for PBXProject "MVP" */;
			compatibilityVersion = "Xcode 9.3";
			developmentRegion = en;
			hasScannedForEncodings = 0;
			knownRegions = (
				en,
				Base,
			);
			mainGroup = 5179B89821EA4A7B00EE1188;
			productRefGroup = 5179B8A221EA4A7B00EE1188 /* Products */;
			projectDirPath = "";
			projectRoot = "";
			targets = (
				5179B8A021EA4A7B00EE1188 /* MVP */,
				5179B8B421EA4A7C00EE1188 /* MVPTests */,
			);
		};
/* End PBXProject section */

/* Begin PBXResourcesBuildPhase section */
		5179B89F21EA4A7B00EE1188 /* Resources */ = {
			isa = PBXResourcesBuildPhase;
			buildActionMask = 2147483647;
			files = (
				5179B8AF21EA4A7B00EE1188 /* LaunchScreen.storyboard in Resources */,
				5179B8AC21EA4A7B00EE1188 /* Assets.xcassets in Resources */,
				5179B8AA21EA4A7B00EE1188 /* Main.storyboard in Resources */,
			);
			runOnlyForDeploymentPostprocessing = 0;
		};
		5179B8B321EA4A7C00EE1188 /* Resources */ = {
			isa = PBXResourcesBuildPhase;
			buildActionMask = 2147483647;
			files = (
			);
			runOnlyForDeploymentPostprocessing = 0;
		};
/* End PBXResourcesBuildPhase section */

/* Begin PBXSourcesBuildPhase section */
		5179B89D21EA4A7B00EE1188 /* Sources */ = {
			isa = PBXSourcesBuildPhase;
			buildActionMask = 2147483647;
			files = (
				5179B8A721EA4A7B00EE1188 /* ViewController.swift in Sources */,
				5179B8A521EA4A7B00EE1188 /* AppDelegate.swift in Sources */,
			);
			runOnlyForDeploymentPostprocessing = 0;
		};
		5179B8B121EA4A7C00EE1188 /* Sources */ = {
			isa = PBXSourcesBuildPhase;
			buildActionMask = 2147483647;
			files = (
				5179B8BA21EA4A7C00EE1188 /* MVPTests.swift in Sources */,
			);
			runOnlyForDeploymentPostprocessing = 0;
		};
/* End PBXSourcesBuildPhase section */

/* Begin PBXTargetDependency section */
		5179B8B721EA4A7C00EE1188 /* PBXTargetDependency */ = {
			isa = PBXTargetDependency;
			target = 5179B8A021EA4A7B00EE1188 /* MVP */;
			targetProxy = 5179B8B621EA4A7C00EE1188 /* PBXContainerItemProxy */;
		};
/* End PBXTargetDependency section */

/* Begin PBXVariantGroup section */
		5179B8A821EA4A7B00EE1188 /* Main.storyboard */ = {
			isa = PBXVariantGroup;
			children = (
				5179B8A921EA4A7B00EE1188 /* Base */,
			);
			name = Main.storyboard;
			sourceTree = "<group>";
		};
		5179B8AD21EA4A7B00EE1188 /* LaunchScreen.storyboard */ = {
			isa = PBXVariantGroup;
			children = (
				5179B8AE21EA4A7B00EE1188 /* Base */,
			);
			name = LaunchScreen.storyboard;
			sourceTree = "<group>";
		};
/* End PBXVariantGroup section */

/* Begin XCBuildConfiguration section */
		5179B8BC21EA4A7C00EE1188 /* Debug */ = {
			isa = XCBuildConfiguration;
			buildSettings = {
				ALWAYS_SEARCH_USER_PATHS = NO;
				CLANG_ANALYZER_NONNULL = YES;
				CLANG_ANALYZER_NUMBER_OBJECT_CONVERSION = YES_AGGRESSIVE;
				CLANG_CXX_LANGUAGE_STANDARD = "gnu++14";
				CLANG_CXX_LIBRARY = "libc++";
				CLANG_ENABLE_MODULES = YES;
				CLANG_ENABLE_OBJC_ARC = YES;
				CLANG_ENABLE_OBJC_WEAK = YES;
				CLANG_WARN_BLOCK_CAPTURE_AUTORELEASING = YES;
				CLANG_WARN_BOOL_CONVERSION = YES;
				CLANG_WARN_COMMA = YES;
				CLANG_WARN_CONSTANT_CONVERSION = YES;
				CLANG_WARN_DEPRECATED_OBJC_IMPLEMENTATIONS = YES;
				CLANG_WARN_DIRECT_OBJC_ISA_USAGE = YES_ERROR;
				CLANG_WARN_DOCUMENTATION_COMMENTS = YES;
				CLANG_WARN_EMPTY_BODY = YES;
				CLANG_WARN_ENUM_CONVERSION = YES;
				CLANG_WARN_INFINITE_RECURSION = YES;
				CLANG_WARN_INT_CONVERSION = YES;
				CLANG_WARN_NON_LITERAL_NULL_CONVERSION = YES;
				CLANG_WARN_OBJC_IMPLICIT_RETAIN_SELF = YES;
				CLANG_WARN_OBJC_LITERAL_CONVERSION = YES;
				CLANG_WARN_OBJC_ROOT_CLASS = YES_ERROR;
				CLANG_WARN_RANGE_LOOP_ANALYSIS = YES;
				CLANG_WARN_STRICT_PROTOTYPES = YES;
				CLANG_WARN_SUSPICIOUS_MOVE = YES;
				CLANG_WARN_UNGUARDED_AVAILABILITY = YES_AGGRESSIVE;
				CLANG_WARN_UNREACHABLE_CODE = YES;
				CLANG_WARN__DUPLICATE_METHOD_MATCH = YES;
				CODE_SIGN_IDENTITY = "iPhone Developer";
				COPY_PHASE_STRIP = NO;
				DEBUG_INFORMATION_FORMAT = dwarf;
				ENABLE_STRICT_OBJC_MSGSEND = YES;
				ENABLE_TESTABILITY = YES;
				GCC_C_LANGUAGE_STANDARD = gnu11;
				GCC_DYNAMIC_NO_PIC = NO;
				GCC_NO_COMMON_BLOCKS = YES;
				GCC_OPTIMIZATION_LEVEL = 0;
				GCC_PREPROCESSOR_DEFINITIONS = (
					"DEBUG=1",
					"$(inherited)",
				);
				GCC_WARN_64_TO_32_BIT_CONVERSION = YES;
				GCC_WARN_ABOUT_RETURN_TYPE = YES_ERROR;
				GCC_WARN_UNDECLARED_SELECTOR = YES;
				GCC_WARN_UNINITIALIZED_AUTOS = YES_AGGRESSIVE;
				GCC_WARN_UNUSED_FUNCTION = YES;
				GCC_WARN_UNUSED_VARIABLE = YES;
				IPHONEOS_DEPLOYMENT_TARGET = 12.1;
				MTL_ENABLE_DEBUG_INFO = INCLUDE_SOURCE;
				MTL_FAST_MATH = YES;
				ONLY_ACTIVE_ARCH = YES;
				SDKROOT = iphoneos;
				SWIFT_ACTIVE_COMPILATION_CONDITIONS = DEBUG;
				SWIFT_OPTIMIZATION_LEVEL = "-Onone";
			};
			name = Debug;
		};
		5179B8BD21EA4A7C00EE1188 /* Release */ = {
			isa = XCBuildConfiguration;
			buildSettings = {
				ALWAYS_SEARCH_USER_PATHS = NO;
				CLANG_ANALYZER_NONNULL = YES;
				CLANG_ANALYZER_NUMBER_OBJECT_CONVERSION = YES_AGGRESSIVE;
				CLANG_CXX_LANGUAGE_STANDARD = "gnu++14";
				CLANG_CXX_LIBRARY = "libc++";
				CLANG_ENABLE_MODULES = YES;
				CLANG_ENABLE_OBJC_ARC = YES;
				CLANG_ENABLE_OBJC_WEAK = YES;
				CLANG_WARN_BLOCK_CAPTURE_AUTORELEASING = YES;
				CLANG_WARN_BOOL_CONVERSION = YES;
				CLANG_WARN_COMMA = YES;
				CLANG_WARN_CONSTANT_CONVERSION = YES;
				CLANG_WARN_DEPRECATED_OBJC_IMPLEMENTATIONS = YES;
				CLANG_WARN_DIRECT_OBJC_ISA_USAGE = YES_ERROR;
				CLANG_WARN_DOCUMENTATION_COMMENTS = YES;
				CLANG_WARN_EMPTY_BODY = YES;
				CLANG_WARN_ENUM_CONVERSION = YES;
				CLANG_WARN_INFINITE_RECURSION = YES;
				CLANG_WARN_INT_CONVERSION = YES;
				CLANG_WARN_NON_LITERAL_NULL_CONVERSION = YES;
				CLANG_WARN_OBJC_IMPLICIT_RETAIN_SELF = YES;
				CLANG_WARN_OBJC_LITERAL_CONVERSION = YES;
				CLANG_WARN_OBJC_ROOT_CLASS = YES_ERROR;
				CLANG_WARN_RANGE_LOOP_ANALYSIS = YES;
				CLANG_WARN_STRICT_PROTOTYPES = YES;
				CLANG_WARN_SUSPICIOUS_MOVE = YES;
				CLANG_WARN_UNGUARDED_AVAILABILITY = YES_AGGRESSIVE;
				CLANG_WARN_UNREACHABLE_CODE = YES;
				CLANG_WARN__DUPLICATE_METHOD_MATCH = YES;
				CODE_SIGN_IDENTITY = "iPhone Developer";
				COPY_PHASE_STRIP = NO;
				DEBUG_INFORMATION_FORMAT = "dwarf-with-dsym";
				ENABLE_NS_ASSERTIONS = NO;
				ENABLE_STRICT_OBJC_MSGSEND = YES;
				GCC_C_LANGUAGE_STANDARD = gnu11;
				GCC_NO_COMMON_BLOCKS = YES;
				GCC_WARN_64_TO_32_BIT_CONVERSION = YES;
				GCC_WARN_ABOUT_RETURN_TYPE = YES_ERROR;
				GCC_WARN_UNDECLARED_SELECTOR = YES;
				GCC_WARN_UNINITIALIZED_AUTOS = YES_AGGRESSIVE;
				GCC_WARN_UNUSED_FUNCTION = YES;
				GCC_WARN_UNUSED_VARIABLE = YES;
				IPHONEOS_DEPLOYMENT_TARGET = 12.1;
				MTL_ENABLE_DEBUG_INFO = NO;
				MTL_FAST_MATH = YES;
				SDKROOT = iphoneos;
				SWIFT_COMPILATION_MODE = wholemodule;
				SWIFT_OPTIMIZATION_LEVEL = "-O";
				VALIDATE_PRODUCT = YES;
			};
			name = Release;
		};
		5179B8BF21EA4A7C00EE1188 /* Debug */ = {
			isa = XCBuildConfiguration;
			buildSettings = {
				ASSETCATALOG_COMPILER_APPICON_NAME = AppIcon;
				CODE_SIGN_STYLE = Automatic;
				DEVELOPMENT_TEAM = 5J2G4846S8;
				INFOPLIST_FILE = MVP/Info.plist;
				LD_RUNPATH_SEARCH_PATHS = (
					"$(inherited)",
					"@executable_path/Frameworks",
				);
				PRODUCT_BUNDLE_IDENTIFIER = "com.gmail-alancasasarevalo.MVP";
				PRODUCT_NAME = "$(TARGET_NAME)";
				SWIFT_VERSION = 4.2;
				TARGETED_DEVICE_FAMILY = "1,2";
			};
			name = Debug;
		};
		5179B8C021EA4A7C00EE1188 /* Release */ = {
			isa = XCBuildConfiguration;
			buildSettings = {
				ASSETCATALOG_COMPILER_APPICON_NAME = AppIcon;
				CODE_SIGN_STYLE = Automatic;
				DEVELOPMENT_TEAM = 5J2G4846S8;
				INFOPLIST_FILE = MVP/Info.plist;
				LD_RUNPATH_SEARCH_PATHS = (
					"$(inherited)",
					"@executable_path/Frameworks",
				);
				PRODUCT_BUNDLE_IDENTIFIER = "com.gmail-alancasasarevalo.MVP";
				PRODUCT_NAME = "$(TARGET_NAME)";
				SWIFT_VERSION = 4.2;
				TARGETED_DEVICE_FAMILY = "1,2";
			};
			name = Release;
		};
		5179B8C221EA4A7C00EE1188 /* Debug */ = {
			isa = XCBuildConfiguration;
			buildSettings = {
				ALWAYS_EMBED_SWIFT_STANDARD_LIBRARIES = YES;
				BUNDLE_LOADER = "$(TEST_HOST)";
				CODE_SIGN_STYLE = Automatic;
				DEVELOPMENT_TEAM = 5J2G4846S8;
				INFOPLIST_FILE = MVPTests/Info.plist;
				LD_RUNPATH_SEARCH_PATHS = (
					"$(inherited)",
					"@executable_path/Frameworks",
					"@loader_path/Frameworks",
				);
				PRODUCT_BUNDLE_IDENTIFIER = "com.gmail-alancasasarevalo.MVPTests";
				PRODUCT_NAME = "$(TARGET_NAME)";
				SWIFT_VERSION = 4.2;
				TARGETED_DEVICE_FAMILY = "1,2";
				TEST_HOST = "$(BUILT_PRODUCTS_DIR)/MVP.app/MVP";
			};
			name = Debug;
		};
		5179B8C321EA4A7C00EE1188 /* Release */ = {
			isa = XCBuildConfiguration;
			buildSettings = {
				ALWAYS_EMBED_SWIFT_STANDARD_LIBRARIES = YES;
				BUNDLE_LOADER = "$(TEST_HOST)";
				CODE_SIGN_STYLE = Automatic;
				DEVELOPMENT_TEAM = 5J2G4846S8;
				INFOPLIST_FILE = MVPTests/Info.plist;
				LD_RUNPATH_SEARCH_PATHS = (
					"$(inherited)",
					"@executable_path/Frameworks",
					"@loader_path/Frameworks",
				);
				PRODUCT_BUNDLE_IDENTIFIER = "com.gmail-alancasasarevalo.MVPTests";
				PRODUCT_NAME = "$(TARGET_NAME)";
				SWIFT_VERSION = 4.2;
				TARGETED_DEVICE_FAMILY = "1,2";
				TEST_HOST = "$(BUILT_PRODUCTS_DIR)/MVP.app/MVP";
			};
			name = Release;
		};
/* End XCBuildConfiguration section */

/* Begin XCConfigurationList section */
		5179B89C21EA4A7B00EE1188 /* Build configuration list for PBXProject "MVP" */ = {
			isa = XCConfigurationList;
			buildConfigurations = (
				5179B8BC21EA4A7C00EE1188 /* Debug */,
				5179B8BD21EA4A7C00EE1188 /* Release */,
			);
			defaultConfigurationIsVisible = 0;
			defaultConfigurationName = Release;
		};
		5179B8BE21EA4A7C00EE1188 /* Build configuration list for PBXNativeTarget "MVP" */ = {
			isa = XCConfigurationList;
			buildConfigurations = (
				5179B8BF21EA4A7C00EE1188 /* Debug */,
				5179B8C021EA4A7C00EE1188 /* Release */,
			);
			defaultConfigurationIsVisible = 0;
			defaultConfigurationName = Release;
		};
		5179B8C121EA4A7C00EE1188 /* Build configuration list for PBXNativeTarget "MVPTests" */ = {
			isa = XCConfigurationList;
			buildConfigurations = (
				5179B8C221EA4A7C00EE1188 /* Debug */,
				5179B8C321EA4A7C00EE1188 /* Release */,
			);
			defaultConfigurationIsVisible = 0;
			defaultConfigurationName = Release;
		};
/* End XCConfigurationList section */
	};
	rootObject = 5179B89921EA4A7B00EE1188 /* Project object */;
}
